
Microsoft Visual Studio Solution File, Format Version 12.00
Project("{FAE04EC0-301F-11D3-BF4B-00C04F79EFBC}") = "PGD.Cli", "PGD.Cli\PGD.Cli.csproj", "{4778AA84-9B8D-4DE9-9A1B-DCFB17202944}"
EndProject
Project("{FAE04EC0-301F-11D3-BF4B-00C04F79EFBC}") = "PGD.Core", "PGD.Core\PGD.Core.csproj", "{547927D0-C439-4E4E-8BBB-F9A8C5D99B7E}"
EndProject
Project("{FAE04EC0-301F-11D3-BF4B-00C04F79EFBC}") = "PGD.Benchmark", "PGD.Benchmark\PGD.Benchmark.csproj", "{4EAA809D-2AE6-4473-9372-E39CD513ABE3}"
EndProject
Global
	GlobalSection(SolutionConfigurationPlatforms) = preSolution
		Debug|Any CPU = Debug|Any CPU
		Release|Any CPU = Release|Any CPU
	EndGlobalSection
	GlobalSection(ProjectConfigurationPlatforms) = postSolution
		{4778AA84-9B8D-4DE9-9A1B-DCFB17202944}.Debug|Any CPU.ActiveCfg = Debug|Any CPU
		{4778AA84-9B8D-4DE9-9A1B-DCFB17202944}.Debug|Any CPU.Build.0 = Debug|Any CPU
		{4778AA84-9B8D-4DE9-9A1B-DCFB17202944}.Release|Any CPU.ActiveCfg = Release|Any CPU
		{4778AA84-9B8D-4DE9-9A1B-DCFB17202944}.Release|Any CPU.Build.0 = Release|Any CPU
		{547927D0-C439-4E4E-8BBB-F9A8C5D99B7E}.Debug|Any CPU.ActiveCfg = Debug|Any CPU
		{547927D0-C439-4E4E-8BBB-F9A8C5D99B7E}.Debug|Any CPU.Build.0 = Debug|Any CPU
		{547927D0-C439-4E4E-8BBB-F9A8C5D99B7E}.Release|Any CPU.ActiveCfg = Release|Any CPU
		{547927D0-C439-4E4E-8BBB-F9A8C5D99B7E}.Release|Any CPU.Build.0 = Release|Any CPU
		{4EAA809D-2AE6-4473-9372-E39CD513ABE3}.Debug|Any CPU.ActiveCfg = Debug|Any CPU
		{4EAA809D-2AE6-4473-9372-E39CD513ABE3}.Debug|Any CPU.Build.0 = Debug|Any CPU
		{4EAA809D-2AE6-4473-9372-E39CD513ABE3}.Release|Any CPU.ActiveCfg = Release|Any CPU
		{4EAA809D-2AE6-4473-9372-E39CD513ABE3}.Release|Any CPU.Build.0 = Release|Any CPU
	EndGlobalSection
EndGlobal
